// !$*UTF8*$!
{
	archiveVersion = 1;
	classes = {
	};
	objectVersion = 77;
	objects = {

/* Begin PBXBuildFile section */
		5821934A2DDB0C1E00FB3EC7 /* Preview Assets.xcassets in Resources */ = {isa = PBXBuildFile; fileRef = 582193442DDB0C1E00FB3EC7 /* Preview Assets.xcassets */; };
		5821934B2DDB0C1E00FB3EC7 /* Assets.xcassets in Resources */ = {isa = PBXBuildFile; fileRef = 582193462DDB0C1E00FB3EC7 /* Assets.xcassets */; };
		582193552DDB0CA400FB3EC7 /* AppEntry.swift in Sources */ = {isa = PBXBuildFile; fileRef = 582193542DDB0CA400FB3EC7 /* AppEntry.swift */; };
		582193572DDB0CB800FB3EC7 /* AppRoot.swift in Sources */ = {isa = PBXBuildFile; fileRef = 582193562DDB0CB700FB3EC7 /* AppRoot.swift */; };
		582193592DDB0CCA00FB3EC7 /* BaseCoordinator.swift in Sources */ = {isa = PBXBuildFile; fileRef = 582193582DDB0CC900FB3EC7 /* BaseCoordinator.swift */; };
		5821935B2DDB0CD900FB3EC7 /* AppCoordinator.swift in Sources */ = {isa = PBXBuildFile; fileRef = 5821935A2DDB0CD900FB3EC7 /* AppCoordinator.swift */; };
		5821935D2DDB0CEB00FB3EC7 /* AppCoordinatorView.swift in Sources */ = {isa = PBXBuildFile; fileRef = 5821935C2DDB0CEB00FB3EC7 /* AppCoordinatorView.swift */; };
		5821935F2DDB0D0100FB3EC7 /* CoordinatorFactory.swift in Sources */ = {isa = PBXBuildFile; fileRef = 5821935E2DDB0D0100FB3EC7 /* CoordinatorFactory.swift */; };
		582193612DDB0D0F00FB3EC7 /* AppFlow.swift in Sources */ = {isa = PBXBuildFile; fileRef = 582193602DDB0D0F00FB3EC7 /* AppFlow.swift */; };
		582193642DDB0D6A00FB3EC7 /* AppDIContainer.swift in Sources */ = {isa = PBXBuildFile; fileRef = 582193632DDB0D6900FB3EC7 /* AppDIContainer.swift */; };
		582193662DDB0D7500FB3EC7 /* MainDIContainer.swift in Sources */ = {isa = PBXBuildFile; fileRef = 582193652DDB0D7500FB3EC7 /* MainDIContainer.swift */; };
		582193692DDB100F00FB3EC7 /* NetworkMonitor.swift in Sources */ = {isa = PBXBuildFile; fileRef = 582193682DDB100E00FB3EC7 /* NetworkMonitor.swift */; };
		5821936C2DDB102E00FB3EC7 /* Coordinator.swift in Sources */ = {isa = PBXBuildFile; fileRef = 5821936B2DDB102D00FB3EC7 /* Coordinator.swift */; };
		5821936E2DDB103C00FB3EC7 /* MainNavigation.swift in Sources */ = {isa = PBXBuildFile; fileRef = 5821936D2DDB103B00FB3EC7 /* MainNavigation.swift */; };
		582193712DDB105C00FB3EC7 /* AppConstants.swift in Sources */ = {isa = PBXBuildFile; fileRef = 582193702DDB105300FB3EC7 /* AppConstants.swift */; };
		582193772DDB110A00FB3EC7 /* Routes.swift in Sources */ = {isa = PBXBuildFile; fileRef = 582193762DDB110900FB3EC7 /* Routes.swift */; };
		5821937E2DDB116300FB3EC7 /* MainCoordinatorView.swift in Sources */ = {isa = PBXBuildFile; fileRef = 5821937D2DDB116200FB3EC7 /* MainCoordinatorView.swift */; };
		582193802DDB117000FB3EC7 /* MainCoordinator.swift in Sources */ = {isa = PBXBuildFile; fileRef = 5821937F2DDB116F00FB3EC7 /* MainCoordinator.swift */; };
		582193822DDB11C600FB3EC7 /* MainSceneViewModel.swift in Sources */ = {isa = PBXBuildFile; fileRef = 582193812DDB11C500FB3EC7 /* MainSceneViewModel.swift */; };
		582193842DDB11DE00FB3EC7 /* MainSceneView.swift in Sources */ = {isa = PBXBuildFile; fileRef = 582193832DDB11DC00FB3EC7 /* MainSceneView.swift */; };
		582193862DDB13D900FB3EC7 /* Launch Screen.storyboard in Resources */ = {isa = PBXBuildFile; fileRef = 582193852DDB13D900FB3EC7 /* Launch Screen.storyboard */; };
		582193E12DDB1A3900FB3EC7 /* NetworkService.swift in Sources */ = {isa = PBXBuildFile; fileRef = 582193E02DDB1A3400FB3EC7 /* NetworkService.swift */; };
		582193E32DDB1A6800FB3EC7 /* MarketResponse.swift in Sources */ = {isa = PBXBuildFile; fileRef = 582193E22DDB1A6200FB3EC7 /* MarketResponse.swift */; };
		582193E62DDB1C8F00FB3EC7 /* MarketDataManager.swift in Sources */ = {isa = PBXBuildFile; fileRef = 582193E52DDB1C8C00FB3EC7 /* MarketDataManager.swift */; };
		582193E92DDB20E500FB3EC7 /* APIRoute.swift in Sources */ = {isa = PBXBuildFile; fileRef = 582193E82DDB20E300FB3EC7 /* APIRoute.swift */; };
		582193EB2DDB20ED00FB3EC7 /* HTTPMethod.swift in Sources */ = {isa = PBXBuildFile; fileRef = 582193EA2DDB20EB00FB3EC7 /* HTTPMethod.swift */; };
		582193EE2DDB36C500FB3EC7 /* MarketMapper.swift in Sources */ = {isa = PBXBuildFile; fileRef = 582193ED2DDB36C000FB3EC7 /* MarketMapper.swift */; };
		582193F02DDB36E900FB3EC7 /* MarketRowView.swift in Sources */ = {isa = PBXBuildFile; fileRef = 582193EF2DDB36E600FB3EC7 /* MarketRowView.swift */; };
		582193F22DDB36FB00FB3EC7 /* MarketChangeView.swift in Sources */ = {isa = PBXBuildFile; fileRef = 582193F12DDB36F700FB3EC7 /* MarketChangeView.swift */; };
		582193F42DDB370F00FB3EC7 /* MarketListView.swift in Sources */ = {isa = PBXBuildFile; fileRef = 582193F32DDB370C00FB3EC7 /* MarketListView.swift */; };
		582193F62DDB475100FB3EC7 /* TabPickerView.swift in Sources */ = {isa = PBXBuildFile; fileRef = 582193F52DDB474B00FB3EC7 /* TabPickerView.swift */; };
		582193F82DDB476A00FB3EC7 /* TagPickerView.swift in Sources */ = {isa = PBXBuildFile; fileRef = 582193F72DDB476700FB3EC7 /* TagPickerView.swift */; };
		582193FB2DDB5D7000FB3EC7 /* MockMainSceneViewModel.swift in Sources */ = {isa = PBXBuildFile; fileRef = 582193FA2DDB5D6C00FB3EC7 /* MockMainSceneViewModel.swift */; };
		582193FE2DDB816B00FB3EC7 /* MarketSortFields.swift in Sources */ = {isa = PBXBuildFile; fileRef = 582193FD2DDB816800FB3EC7 /* MarketSortFields.swift */; };
		582194002DDB822500FB3EC7 /* MarketListHeaderView.swift in Sources */ = {isa = PBXBuildFile; fileRef = 582193FF2DDB822100FB3EC7 /* MarketListHeaderView.swift */; };
		582194022DDB877C00FB3EC7 /* MarketWebsocketService.swift in Sources */ = {isa = PBXBuildFile; fileRef = 582194012DDB877500FB3EC7 /* MarketWebsocketService.swift */; };
		582194042DDB87BC00FB3EC7 /* MarketWebSocketUpdate.swift in Sources */ = {isa = PBXBuildFile; fileRef = 582194032DDB87B800FB3EC7 /* MarketWebSocketUpdate.swift */; };
		582194062DDB9E6D00FB3EC7 /* MockMarketDataManager.swift in Sources */ = {isa = PBXBuildFile; fileRef = 582194052DDB9E6600FB3EC7 /* MockMarketDataManager.swift */; };
		582194082DDB9E8100FB3EC7 /* MockWebsocketService.swift in Sources */ = {isa = PBXBuildFile; fileRef = 582194072DDB9E7C00FB3EC7 /* MockWebsocketService.swift */; };
/* End PBXBuildFile section */

/* Begin PBXContainerItemProxy section */
		582193282DDB0C0A00FB3EC7 /* PBXContainerItemProxy */ = {
			isa = PBXContainerItemProxy;
			containerPortal = 5821930F2DDB0C0900FB3EC7 /* Project object */;
			proxyType = 1;
			remoteGlobalIDString = 582193162DDB0C0900FB3EC7;
			remoteInfo = Bitomato;
		};
		582193322DDB0C0A00FB3EC7 /* PBXContainerItemProxy */ = {
			isa = PBXContainerItemProxy;
			containerPortal = 5821930F2DDB0C0900FB3EC7 /* Project object */;
			proxyType = 1;
			remoteGlobalIDString = 582193162DDB0C0900FB3EC7;
			remoteInfo = Bitomato;
		};
/* End PBXContainerItemProxy section */

/* Begin PBXFileReference section */
		582193172DDB0C0900FB3EC7 /* Bitomato.app */ = {isa = PBXFileReference; explicitFileType = wrapper.application; includeInIndex = 0; path = Bitomato.app; sourceTree = BUILT_PRODUCTS_DIR; };
		582193272DDB0C0A00FB3EC7 /* BitomatoTests.xctest */ = {isa = PBXFileReference; explicitFileType = wrapper.cfbundle; includeInIndex = 0; path = BitomatoTests.xctest; sourceTree = BUILT_PRODUCTS_DIR; };
		582193312DDB0C0A00FB3EC7 /* BitomatoUITests.xctest */ = {isa = PBXFileReference; explicitFileType = wrapper.cfbundle; includeInIndex = 0; path = BitomatoUITests.xctest; sourceTree = BUILT_PRODUCTS_DIR; };
		582193442DDB0C1E00FB3EC7 /* Preview Assets.xcassets */ = {isa = PBXFileReference; lastKnownFileType = folder.assetcatalog; path = "Preview Assets.xcassets"; sourceTree = "<group>"; };
		582193462DDB0C1E00FB3EC7 /* Assets.xcassets */ = {isa = PBXFileReference; lastKnownFileType = folder.assetcatalog; path = Assets.xcassets; sourceTree = "<group>"; };
		582193542DDB0CA400FB3EC7 /* AppEntry.swift */ = {isa = PBXFileReference; lastKnownFileType = sourcecode.swift; path = AppEntry.swift; sourceTree = "<group>"; };
		582193562DDB0CB700FB3EC7 /* AppRoot.swift */ = {isa = PBXFileReference; lastKnownFileType = sourcecode.swift; path = AppRoot.swift; sourceTree = "<group>"; };
		582193582DDB0CC900FB3EC7 /* BaseCoordinator.swift */ = {isa = PBXFileReference; lastKnownFileType = sourcecode.swift; path = BaseCoordinator.swift; sourceTree = "<group>"; };
		5821935A2DDB0CD900FB3EC7 /* AppCoordinator.swift */ = {isa = PBXFileReference; lastKnownFileType = sourcecode.swift; path = AppCoordinator.swift; sourceTree = "<group>"; };
		5821935C2DDB0CEB00FB3EC7 /* AppCoordinatorView.swift */ = {isa = PBXFileReference; lastKnownFileType = sourcecode.swift; path = AppCoordinatorView.swift; sourceTree = "<group>"; };
		5821935E2DDB0D0100FB3EC7 /* CoordinatorFactory.swift */ = {isa = PBXFileReference; lastKnownFileType = sourcecode.swift; path = CoordinatorFactory.swift; sourceTree = "<group>"; };
		582193602DDB0D0F00FB3EC7 /* AppFlow.swift */ = {isa = PBXFileReference; lastKnownFileType = sourcecode.swift; path = AppFlow.swift; sourceTree = "<group>"; };
		582193632DDB0D6900FB3EC7 /* AppDIContainer.swift */ = {isa = PBXFileReference; lastKnownFileType = sourcecode.swift; path = AppDIContainer.swift; sourceTree = "<group>"; };
		582193652DDB0D7500FB3EC7 /* MainDIContainer.swift */ = {isa = PBXFileReference; lastKnownFileType = sourcecode.swift; path = MainDIContainer.swift; sourceTree = "<group>"; };
		582193682DDB100E00FB3EC7 /* NetworkMonitor.swift */ = {isa = PBXFileReference; lastKnownFileType = sourcecode.swift; path = NetworkMonitor.swift; sourceTree = "<group>"; };
		5821936B2DDB102D00FB3EC7 /* Coordinator.swift */ = {isa = PBXFileReference; lastKnownFileType = sourcecode.swift; path = Coordinator.swift; sourceTree = "<group>"; };
		5821936D2DDB103B00FB3EC7 /* MainNavigation.swift */ = {isa = PBXFileReference; lastKnownFileType = sourcecode.swift; path = MainNavigation.swift; sourceTree = "<group>"; };
		582193702DDB105300FB3EC7 /* AppConstants.swift */ = {isa = PBXFileReference; lastKnownFileType = sourcecode.swift; path = AppConstants.swift; sourceTree = "<group>"; };
		582193762DDB110900FB3EC7 /* Routes.swift */ = {isa = PBXFileReference; lastKnownFileType = sourcecode.swift; path = Routes.swift; sourceTree = "<group>"; };
		5821937D2DDB116200FB3EC7 /* MainCoordinatorView.swift */ = {isa = PBXFileReference; lastKnownFileType = sourcecode.swift; path = MainCoordinatorView.swift; sourceTree = "<group>"; };
		5821937F2DDB116F00FB3EC7 /* MainCoordinator.swift */ = {isa = PBXFileReference; lastKnownFileType = sourcecode.swift; path = MainCoordinator.swift; sourceTree = "<group>"; };
		582193812DDB11C500FB3EC7 /* MainSceneViewModel.swift */ = {isa = PBXFileReference; lastKnownFileType = sourcecode.swift; path = MainSceneViewModel.swift; sourceTree = "<group>"; };
		582193832DDB11DC00FB3EC7 /* MainSceneView.swift */ = {isa = PBXFileReference; lastKnownFileType = sourcecode.swift; path = MainSceneView.swift; sourceTree = "<group>"; };
		582193852DDB13D900FB3EC7 /* Launch Screen.storyboard */ = {isa = PBXFileReference; lastKnownFileType = file.storyboard; name = "Launch Screen.storyboard"; path = "Bitomato/Resources/Launch Screen.storyboard"; sourceTree = SOURCE_ROOT; };
		582193E02DDB1A3400FB3EC7 /* NetworkService.swift */ = {isa = PBXFileReference; lastKnownFileType = sourcecode.swift; path = NetworkService.swift; sourceTree = "<group>"; };
		582193E22DDB1A6200FB3EC7 /* MarketResponse.swift */ = {isa = PBXFileReference; lastKnownFileType = sourcecode.swift; path = MarketResponse.swift; sourceTree = "<group>"; };
		582193E52DDB1C8C00FB3EC7 /* MarketDataManager.swift */ = {isa = PBXFileReference; lastKnownFileType = sourcecode.swift; path = MarketDataManager.swift; sourceTree = "<group>"; };
		582193E82DDB20E300FB3EC7 /* APIRoute.swift */ = {isa = PBXFileReference; lastKnownFileType = sourcecode.swift; path = APIRoute.swift; sourceTree = "<group>"; };
		582193EA2DDB20EB00FB3EC7 /* HTTPMethod.swift */ = {isa = PBXFileReference; lastKnownFileType = sourcecode.swift; path = HTTPMethod.swift; sourceTree = "<group>"; };
		582193ED2DDB36C000FB3EC7 /* MarketMapper.swift */ = {isa = PBXFileReference; lastKnownFileType = sourcecode.swift; path = MarketMapper.swift; sourceTree = "<group>"; };
		582193EF2DDB36E600FB3EC7 /* MarketRowView.swift */ = {isa = PBXFileReference; lastKnownFileType = sourcecode.swift; path = MarketRowView.swift; sourceTree = "<group>"; };
		582193F12DDB36F700FB3EC7 /* MarketChangeView.swift */ = {isa = PBXFileReference; lastKnownFileType = sourcecode.swift; path = MarketChangeView.swift; sourceTree = "<group>"; };
		582193F32DDB370C00FB3EC7 /* MarketListView.swift */ = {isa = PBXFileReference; lastKnownFileType = sourcecode.swift; path = MarketListView.swift; sourceTree = "<group>"; };
		582193F52DDB474B00FB3EC7 /* TabPickerView.swift */ = {isa = PBXFileReference; lastKnownFileType = sourcecode.swift; path = TabPickerView.swift; sourceTree = "<group>"; };
		582193F72DDB476700FB3EC7 /* TagPickerView.swift */ = {isa = PBXFileReference; lastKnownFileType = sourcecode.swift; path = TagPickerView.swift; sourceTree = "<group>"; };
		582193FA2DDB5D6C00FB3EC7 /* MockMainSceneViewModel.swift */ = {isa = PBXFileReference; lastKnownFileType = sourcecode.swift; path = MockMainSceneViewModel.swift; sourceTree = "<group>"; };
		582193FD2DDB816800FB3EC7 /* MarketSortFields.swift */ = {isa = PBXFileReference; lastKnownFileType = sourcecode.swift; path = MarketSortFields.swift; sourceTree = "<group>"; };
		582193FF2DDB822100FB3EC7 /* MarketListHeaderView.swift */ = {isa = PBXFileReference; lastKnownFileType = sourcecode.swift; path = MarketListHeaderView.swift; sourceTree = "<group>"; };
		582194012DDB877500FB3EC7 /* MarketWebsocketService.swift */ = {isa = PBXFileReference; lastKnownFileType = sourcecode.swift; path = MarketWebsocketService.swift; sourceTree = "<group>"; };
		582194032DDB87B800FB3EC7 /* MarketWebSocketUpdate.swift */ = {isa = PBXFileReference; lastKnownFileType = sourcecode.swift; path = MarketWebSocketUpdate.swift; sourceTree = "<group>"; };
		582194052DDB9E6600FB3EC7 /* MockMarketDataManager.swift */ = {isa = PBXFileReference; lastKnownFileType = sourcecode.swift; path = MockMarketDataManager.swift; sourceTree = "<group>"; };
		582194072DDB9E7C00FB3EC7 /* MockWebsocketService.swift */ = {isa = PBXFileReference; lastKnownFileType = sourcecode.swift; path = MockWebsocketService.swift; sourceTree = "<group>"; };
/* End PBXFileReference section */

/* Begin PBXFileSystemSynchronizedRootGroup section */
		5821932A2DDB0C0A00FB3EC7 /* BitomatoTests */ = {
			isa = PBXFileSystemSynchronizedRootGroup;
			path = BitomatoTests;
			sourceTree = "<group>";
		};
		582193342DDB0C0A00FB3EC7 /* BitomatoUITests */ = {
			isa = PBXFileSystemSynchronizedRootGroup;
			path = BitomatoUITests;
			sourceTree = "<group>";
		};
/* End PBXFileSystemSynchronizedRootGroup section */

/* Begin PBXFrameworksBuildPhase section */
		582193142DDB0C0900FB3EC7 /* Frameworks */ = {
			isa = PBXFrameworksBuildPhase;
			buildActionMask = 2147483647;
			files = (
			);
			runOnlyForDeploymentPostprocessing = 0;
		};
		582193242DDB0C0A00FB3EC7 /* Frameworks */ = {
			isa = PBXFrameworksBuildPhase;
			buildActionMask = 2147483647;
			files = (
			);
			runOnlyForDeploymentPostprocessing = 0;
		};
		5821932E2DDB0C0A00FB3EC7 /* Frameworks */ = {
			isa = PBXFrameworksBuildPhase;
			buildActionMask = 2147483647;
			files = (
			);
			runOnlyForDeploymentPostprocessing = 0;
		};
/* End PBXFrameworksBuildPhase section */

/* Begin PBXGroup section */
		5821930E2DDB0C0900FB3EC7 = {
			isa = PBXGroup;
			children = (
				582193492DDB0C1E00FB3EC7 /* Bitomato */,
				5821932A2DDB0C0A00FB3EC7 /* BitomatoTests */,
				582193342DDB0C0A00FB3EC7 /* BitomatoUITests */,
				582193182DDB0C0900FB3EC7 /* Products */,
			);
			sourceTree = "<group>";
		};
		582193182DDB0C0900FB3EC7 /* Products */ = {
			isa = PBXGroup;
			children = (
				582193172DDB0C0900FB3EC7 /* Bitomato.app */,
				582193272DDB0C0A00FB3EC7 /* BitomatoTests.xctest */,
				582193312DDB0C0A00FB3EC7 /* BitomatoUITests.xctest */,
			);
			name = Products;
			sourceTree = "<group>";
		};
		582193492DDB0C1E00FB3EC7 /* Bitomato */ = {
			isa = PBXGroup;
			children = (
				5821934E2DDB0C4300FB3EC7 /* App */,
				5821934F2DDB0C4800FB3EC7 /* Domain */,
				582193532DDB0C6600FB3EC7 /* Data */,
				582193522DDB0C5F00FB3EC7 /* Presentation */,
				582193512DDB0C5900FB3EC7 /* Core */,
				582193502DDB0C5200FB3EC7 /* Resources */,
			);
			path = Bitomato;
			sourceTree = "<group>";
		};
		5821934E2DDB0C4300FB3EC7 /* App */ = {
			isa = PBXGroup;
			children = (
				582193542DDB0CA400FB3EC7 /* AppEntry.swift */,
				582193562DDB0CB700FB3EC7 /* AppRoot.swift */,
				582193582DDB0CC900FB3EC7 /* BaseCoordinator.swift */,
				5821935A2DDB0CD900FB3EC7 /* AppCoordinator.swift */,
				5821935C2DDB0CEB00FB3EC7 /* AppCoordinatorView.swift */,
				5821935E2DDB0D0100FB3EC7 /* CoordinatorFactory.swift */,
				582193602DDB0D0F00FB3EC7 /* AppFlow.swift */,
				582193622DDB0D5F00FB3EC7 /* DI */,
			);
			path = App;
			sourceTree = "<group>";
		};
		5821934F2DDB0C4800FB3EC7 /* Domain */ = {
			isa = PBXGroup;
			children = (
			);
			path = Domain;
			sourceTree = "<group>";
		};
		582193502DDB0C5200FB3EC7 /* Resources */ = {
			isa = PBXGroup;
			children = (
				582193852DDB13D900FB3EC7 /* Launch Screen.storyboard */,
				582193442DDB0C1E00FB3EC7 /* Preview Assets.xcassets */,
				582193462DDB0C1E00FB3EC7 /* Assets.xcassets */,
			);
			path = Resources;
			sourceTree = "<group>";
		};
		582193512DDB0C5900FB3EC7 /* Core */ = {
			isa = PBXGroup;
			children = (
				5821936F2DDB104F00FB3EC7 /* Constants */,
				5821936A2DDB102900FB3EC7 /* Protocols */,
				582193672DDB100200FB3EC7 /* Network */,
			);
			path = Core;
			sourceTree = "<group>";
		};
		582193522DDB0C5F00FB3EC7 /* Presentation */ = {
			isa = PBXGroup;
			children = (
				582193782DDB112700FB3EC7 /* Flows */,
				582193742DDB10FA00FB3EC7 /* Shared */,
			);
			path = Presentation;
			sourceTree = "<group>";
		};
		582193532DDB0C6600FB3EC7 /* Data */ = {
			isa = PBXGroup;
			children = (
				582193E72DDB20D900FB3EC7 /* Networking */,
				582193E42DDB1C8400FB3EC7 /* Managers */,
				582193DF2DDB1A3000FB3EC7 /* Services */,
				582193732DDB10DA00FB3EC7 /* Mappers */,
				582193722DDB10D000FB3EC7 /* DTOs */,
			);
			path = Data;
			sourceTree = "<group>";
		};
		582193622DDB0D5F00FB3EC7 /* DI */ = {
			isa = PBXGroup;
			children = (
				582193652DDB0D7500FB3EC7 /* MainDIContainer.swift */,
				582193632DDB0D6900FB3EC7 /* AppDIContainer.swift */,
			);
			path = DI;
			sourceTree = "<group>";
		};
		582193672DDB100200FB3EC7 /* Network */ = {
			isa = PBXGroup;
			children = (
				582193682DDB100E00FB3EC7 /* NetworkMonitor.swift */,
			);
			path = Network;
			sourceTree = "<group>";
		};
		5821936A2DDB102900FB3EC7 /* Protocols */ = {
			isa = PBXGroup;
			children = (
				5821936D2DDB103B00FB3EC7 /* MainNavigation.swift */,
				5821936B2DDB102D00FB3EC7 /* Coordinator.swift */,
			);
			path = Protocols;
			sourceTree = "<group>";
		};
		5821936F2DDB104F00FB3EC7 /* Constants */ = {
			isa = PBXGroup;
			children = (
				582193702DDB105300FB3EC7 /* AppConstants.swift */,
			);
			path = Constants;
			sourceTree = "<group>";
		};
		582193722DDB10D000FB3EC7 /* DTOs */ = {
			isa = PBXGroup;
			children = (
				582194032DDB87B800FB3EC7 /* MarketWebSocketUpdate.swift */,
				582193E22DDB1A6200FB3EC7 /* MarketResponse.swift */,
			);
			path = DTOs;
			sourceTree = "<group>";
		};
		582193732DDB10DA00FB3EC7 /* Mappers */ = {
			isa = PBXGroup;
			children = (
				582193ED2DDB36C000FB3EC7 /* MarketMapper.swift */,
			);
			path = Mappers;
			sourceTree = "<group>";
		};
		582193742DDB10FA00FB3EC7 /* Shared */ = {
			isa = PBXGroup;
			children = (
				582193FC2DDB815000FB3EC7 /* Enums */,
				582193752DDB110200FB3EC7 /* Navigation */,
			);
			path = Shared;
			sourceTree = "<group>";
		};
		582193752DDB110200FB3EC7 /* Navigation */ = {
			isa = PBXGroup;
			children = (
				582193762DDB110900FB3EC7 /* Routes.swift */,
			);
			path = Navigation;
			sourceTree = "<group>";
		};
		582193782DDB112700FB3EC7 /* Flows */ = {
			isa = PBXGroup;
			children = (
				582193792DDB112A00FB3EC7 /* Main */,
			);
			path = Flows;
			sourceTree = "<group>";
		};
		582193792DDB112A00FB3EC7 /* Main */ = {
			isa = PBXGroup;
			children = (
				582193F92DDB5D5F00FB3EC7 /* Mock */,
				5821937C2DDB115600FB3EC7 /* Coordinator */,
				5821937B2DDB114C00FB3EC7 /* ViewModel */,
				5821937A2DDB114100FB3EC7 /* Scene */,
			);
			path = Main;
			sourceTree = "<group>";
		};
		5821937A2DDB114100FB3EC7 /* Scene */ = {
			isa = PBXGroup;
			children = (
				582193FF2DDB822100FB3EC7 /* MarketListHeaderView.swift */,
				582193F72DDB476700FB3EC7 /* TagPickerView.swift */,
				582193F52DDB474B00FB3EC7 /* TabPickerView.swift */,
				582193F32DDB370C00FB3EC7 /* MarketListView.swift */,
				582193F12DDB36F700FB3EC7 /* MarketChangeView.swift */,
				582193EF2DDB36E600FB3EC7 /* MarketRowView.swift */,
				582193832DDB11DC00FB3EC7 /* MainSceneView.swift */,
			);
			path = Scene;
			sourceTree = "<group>";
		};
		5821937B2DDB114C00FB3EC7 /* ViewModel */ = {
			isa = PBXGroup;
			children = (
				582193812DDB11C500FB3EC7 /* MainSceneViewModel.swift */,
			);
			path = ViewModel;
			sourceTree = "<group>";
		};
		5821937C2DDB115600FB3EC7 /* Coordinator */ = {
			isa = PBXGroup;
			children = (
				5821937F2DDB116F00FB3EC7 /* MainCoordinator.swift */,
				5821937D2DDB116200FB3EC7 /* MainCoordinatorView.swift */,
			);
			path = Coordinator;
			sourceTree = "<group>";
		};
		582193DF2DDB1A3000FB3EC7 /* Services */ = {
			isa = PBXGroup;
			children = (
				582194012DDB877500FB3EC7 /* MarketWebsocketService.swift */,
				582193E02DDB1A3400FB3EC7 /* NetworkService.swift */,
			);
			path = Services;
			sourceTree = "<group>";
		};
		582193E42DDB1C8400FB3EC7 /* Managers */ = {
			isa = PBXGroup;
			children = (
				582193E52DDB1C8C00FB3EC7 /* MarketDataManager.swift */,
			);
			path = Managers;
			sourceTree = "<group>";
		};
		582193E72DDB20D900FB3EC7 /* Networking */ = {
			isa = PBXGroup;
			children = (
				582193EA2DDB20EB00FB3EC7 /* HTTPMethod.swift */,
				582193E82DDB20E300FB3EC7 /* APIRoute.swift */,
			);
			path = Networking;
			sourceTree = "<group>";
		};
		582193F92DDB5D5F00FB3EC7 /* Mock */ = {
			isa = PBXGroup;
			children = (
				582194072DDB9E7C00FB3EC7 /* MockWebsocketService.swift */,
				582194052DDB9E6600FB3EC7 /* MockMarketDataManager.swift */,
				582193FA2DDB5D6C00FB3EC7 /* MockMainSceneViewModel.swift */,
			);
			path = Mock;
			sourceTree = "<group>";
		};
		582193FC2DDB815000FB3EC7 /* Enums */ = {
			isa = PBXGroup;
			children = (
				582193FD2DDB816800FB3EC7 /* MarketSortFields.swift */,
			);
			path = Enums;
			sourceTree = "<group>";
		};
/* End PBXGroup section */

/* Begin PBXNativeTarget section */
		582193162DDB0C0900FB3EC7 /* Bitomato */ = {
			isa = PBXNativeTarget;
			buildConfigurationList = 5821933B2DDB0C0A00FB3EC7 /* Build configuration list for PBXNativeTarget "Bitomato" */;
			buildPhases = (
				582193132DDB0C0900FB3EC7 /* Sources */,
				582193142DDB0C0900FB3EC7 /* Frameworks */,
				582193152DDB0C0900FB3EC7 /* Resources */,
			);
			buildRules = (
			);
			dependencies = (
			);
			name = Bitomato;
			packageProductDependencies = (
			);
			productName = Bitomato;
			productReference = 582193172DDB0C0900FB3EC7 /* Bitomato.app */;
			productType = "com.apple.product-type.application";
		};
		582193262DDB0C0A00FB3EC7 /* BitomatoTests */ = {
			isa = PBXNativeTarget;
			buildConfigurationList = 5821933E2DDB0C0A00FB3EC7 /* Build configuration list for PBXNativeTarget "BitomatoTests" */;
			buildPhases = (
				582193232DDB0C0A00FB3EC7 /* Sources */,
				582193242DDB0C0A00FB3EC7 /* Frameworks */,
				582193252DDB0C0A00FB3EC7 /* Resources */,
			);
			buildRules = (
			);
			dependencies = (
				582193292DDB0C0A00FB3EC7 /* PBXTargetDependency */,
			);
			fileSystemSynchronizedGroups = (
				5821932A2DDB0C0A00FB3EC7 /* BitomatoTests */,
			);
			name = BitomatoTests;
			packageProductDependencies = (
			);
			productName = BitomatoTests;
			productReference = 582193272DDB0C0A00FB3EC7 /* BitomatoTests.xctest */;
			productType = "com.apple.product-type.bundle.unit-test";
		};
		582193302DDB0C0A00FB3EC7 /* BitomatoUITests */ = {
			isa = PBXNativeTarget;
			buildConfigurationList = 582193412DDB0C0A00FB3EC7 /* Build configuration list for PBXNativeTarget "BitomatoUITests" */;
			buildPhases = (
				5821932D2DDB0C0A00FB3EC7 /* Sources */,
				5821932E2DDB0C0A00FB3EC7 /* Frameworks */,
				5821932F2DDB0C0A00FB3EC7 /* Resources */,
			);
			buildRules = (
			);
			dependencies = (
				582193332DDB0C0A00FB3EC7 /* PBXTargetDependency */,
			);
			fileSystemSynchronizedGroups = (
				582193342DDB0C0A00FB3EC7 /* BitomatoUITests */,
			);
			name = BitomatoUITests;
			packageProductDependencies = (
			);
			productName = BitomatoUITests;
			productReference = 582193312DDB0C0A00FB3EC7 /* BitomatoUITests.xctest */;
			productType = "com.apple.product-type.bundle.ui-testing";
		};
/* End PBXNativeTarget section */

/* Begin PBXProject section */
		5821930F2DDB0C0900FB3EC7 /* Project object */ = {
			isa = PBXProject;
			attributes = {
				BuildIndependentTargetsInParallel = 1;
				LastSwiftUpdateCheck = 1620;
				LastUpgradeCheck = 1620;
				TargetAttributes = {
					582193162DDB0C0900FB3EC7 = {
						CreatedOnToolsVersion = 16.2;
					};
					582193262DDB0C0A00FB3EC7 = {
						CreatedOnToolsVersion = 16.2;
						TestTargetID = 582193162DDB0C0900FB3EC7;
					};
					582193302DDB0C0A00FB3EC7 = {
						CreatedOnToolsVersion = 16.2;
						TestTargetID = 582193162DDB0C0900FB3EC7;
					};
				};
			};
			buildConfigurationList = 582193122DDB0C0900FB3EC7 /* Build configuration list for PBXProject "Bitomato" */;
			developmentRegion = en;
			hasScannedForEncodings = 0;
			knownRegions = (
				en,
				Base,
			);
			mainGroup = 5821930E2DDB0C0900FB3EC7;
			minimizedProjectReferenceProxies = 1;
			preferredProjectObjectVersion = 77;
			productRefGroup = 582193182DDB0C0900FB3EC7 /* Products */;
			projectDirPath = "";
			projectRoot = "";
			targets = (
				582193162DDB0C0900FB3EC7 /* Bitomato */,
				582193262DDB0C0A00FB3EC7 /* BitomatoTests */,
				582193302DDB0C0A00FB3EC7 /* BitomatoUITests */,
			);
		};
/* End PBXProject section */

/* Begin PBXResourcesBuildPhase section */
		582193152DDB0C0900FB3EC7 /* Resources */ = {
			isa = PBXResourcesBuildPhase;
			buildActionMask = 2147483647;
			files = (
				582193862DDB13D900FB3EC7 /* Launch Screen.storyboard in Resources */,
				5821934A2DDB0C1E00FB3EC7 /* Preview Assets.xcassets in Resources */,
				5821934B2DDB0C1E00FB3EC7 /* Assets.xcassets in Resources */,
			);
			runOnlyForDeploymentPostprocessing = 0;
		};
		582193252DDB0C0A00FB3EC7 /* Resources */ = {
			isa = PBXResourcesBuildPhase;
			buildActionMask = 2147483647;
			files = (
			);
			runOnlyForDeploymentPostprocessing = 0;
		};
		5821932F2DDB0C0A00FB3EC7 /* Resources */ = {
			isa = PBXResourcesBuildPhase;
			buildActionMask = 2147483647;
			files = (
			);
			runOnlyForDeploymentPostprocessing = 0;
		};
/* End PBXResourcesBuildPhase section */

/* Begin PBXSourcesBuildPhase section */
		582193132DDB0C0900FB3EC7 /* Sources */ = {
			isa = PBXSourcesBuildPhase;
			buildActionMask = 2147483647;
			files = (
				5821936E2DDB103C00FB3EC7 /* MainNavigation.swift in Sources */,
				5821935D2DDB0CEB00FB3EC7 /* AppCoordinatorView.swift in Sources */,
				582193F62DDB475100FB3EC7 /* TabPickerView.swift in Sources */,
				582193F82DDB476A00FB3EC7 /* TagPickerView.swift in Sources */,
				582193692DDB100F00FB3EC7 /* NetworkMonitor.swift in Sources */,
				5821936C2DDB102E00FB3EC7 /* Coordinator.swift in Sources */,
				582193712DDB105C00FB3EC7 /* AppConstants.swift in Sources */,
				582194082DDB9E8100FB3EC7 /* MockWebsocketService.swift in Sources */,
				582193822DDB11C600FB3EC7 /* MainSceneViewModel.swift in Sources */,
				582193612DDB0D0F00FB3EC7 /* AppFlow.swift in Sources */,
				582193642DDB0D6A00FB3EC7 /* AppDIContainer.swift in Sources */,
				582193F22DDB36FB00FB3EC7 /* MarketChangeView.swift in Sources */,
				582193842DDB11DE00FB3EC7 /* MainSceneView.swift in Sources */,
				582193802DDB117000FB3EC7 /* MainCoordinator.swift in Sources */,
				5821935B2DDB0CD900FB3EC7 /* AppCoordinator.swift in Sources */,
				582193F42DDB370F00FB3EC7 /* MarketListView.swift in Sources */,
				582193592DDB0CCA00FB3EC7 /* BaseCoordinator.swift in Sources */,
				582194042DDB87BC00FB3EC7 /* MarketWebSocketUpdate.swift in Sources */,
				5821937E2DDB116300FB3EC7 /* MainCoordinatorView.swift in Sources */,
				582193772DDB110A00FB3EC7 /* Routes.swift in Sources */,
				582193E92DDB20E500FB3EC7 /* APIRoute.swift in Sources */,
				582193E32DDB1A6800FB3EC7 /* MarketResponse.swift in Sources */,
				582193572DDB0CB800FB3EC7 /* AppRoot.swift in Sources */,
				582193E12DDB1A3900FB3EC7 /* NetworkService.swift in Sources */,
				582193662DDB0D7500FB3EC7 /* MainDIContainer.swift in Sources */,
				582193552DDB0CA400FB3EC7 /* AppEntry.swift in Sources */,
				582193EB2DDB20ED00FB3EC7 /* HTTPMethod.swift in Sources */,
				582194002DDB822500FB3EC7 /* MarketListHeaderView.swift in Sources */,
				5821935F2DDB0D0100FB3EC7 /* CoordinatorFactory.swift in Sources */,
				582193FE2DDB816B00FB3EC7 /* MarketSortFields.swift in Sources */,
				582194062DDB9E6D00FB3EC7 /* MockMarketDataManager.swift in Sources */,
				582193FB2DDB5D7000FB3EC7 /* MockMainSceneViewModel.swift in Sources */,
				582193F02DDB36E900FB3EC7 /* MarketRowView.swift in Sources */,
				582193EE2DDB36C500FB3EC7 /* MarketMapper.swift in Sources */,
				582194022DDB877C00FB3EC7 /* MarketWebsocketService.swift in Sources */,
				582193E62DDB1C8F00FB3EC7 /* MarketDataManager.swift in Sources */,
			);
			runOnlyForDeploymentPostprocessing = 0;
		};
		582193232DDB0C0A00FB3EC7 /* Sources */ = {
			isa = PBXSourcesBuildPhase;
			buildActionMask = 2147483647;
			files = (
			);
			runOnlyForDeploymentPostprocessing = 0;
		};
		5821932D2DDB0C0A00FB3EC7 /* Sources */ = {
			isa = PBXSourcesBuildPhase;
			buildActionMask = 2147483647;
			files = (
			);
			runOnlyForDeploymentPostprocessing = 0;
		};
/* End PBXSourcesBuildPhase section */

/* Begin PBXTargetDependency section */
		582193292DDB0C0A00FB3EC7 /* PBXTargetDependency */ = {
			isa = PBXTargetDependency;
			target = 582193162DDB0C0900FB3EC7 /* Bitomato */;
			targetProxy = 582193282DDB0C0A00FB3EC7 /* PBXContainerItemProxy */;
		};
		582193332DDB0C0A00FB3EC7 /* PBXTargetDependency */ = {
			isa = PBXTargetDependency;
			target = 582193162DDB0C0900FB3EC7 /* Bitomato */;
			targetProxy = 582193322DDB0C0A00FB3EC7 /* PBXContainerItemProxy */;
		};
/* End PBXTargetDependency section */

/* Begin XCBuildConfiguration section */
		582193392DDB0C0A00FB3EC7 /* Debug */ = {
			isa = XCBuildConfiguration;
			buildSettings = {
				ALWAYS_SEARCH_USER_PATHS = NO;
				ASSETCATALOG_COMPILER_GENERATE_SWIFT_ASSET_SYMBOL_EXTENSIONS = YES;
				CLANG_ANALYZER_NONNULL = YES;
				CLANG_ANALYZER_NUMBER_OBJECT_CONVERSION = YES_AGGRESSIVE;
				CLANG_CXX_LANGUAGE_STANDARD = "gnu++20";
				CLANG_ENABLE_MODULES = YES;
				CLANG_ENABLE_OBJC_ARC = YES;
				CLANG_ENABLE_OBJC_WEAK = YES;
				CLANG_WARN_BLOCK_CAPTURE_AUTORELEASING = YES;
				CLANG_WARN_BOOL_CONVERSION = YES;
				CLANG_WARN_COMMA = YES;
				CLANG_WARN_CONSTANT_CONVERSION = YES;
				CLANG_WARN_DEPRECATED_OBJC_IMPLEMENTATIONS = YES;
				CLANG_WARN_DIRECT_OBJC_ISA_USAGE = YES_ERROR;
				CLANG_WARN_DOCUMENTATION_COMMENTS = YES;
				CLANG_WARN_EMPTY_BODY = YES;
				CLANG_WARN_ENUM_CONVERSION = YES;
				CLANG_WARN_INFINITE_RECURSION = YES;
				CLANG_WARN_INT_CONVERSION = YES;
				CLANG_WARN_NON_LITERAL_NULL_CONVERSION = YES;
				CLANG_WARN_OBJC_IMPLICIT_RETAIN_SELF = YES;
				CLANG_WARN_OBJC_LITERAL_CONVERSION = YES;
				CLANG_WARN_OBJC_ROOT_CLASS = YES_ERROR;
				CLANG_WARN_QUOTED_INCLUDE_IN_FRAMEWORK_HEADER = YES;
				CLANG_WARN_RANGE_LOOP_ANALYSIS = YES;
				CLANG_WARN_STRICT_PROTOTYPES = YES;
				CLANG_WARN_SUSPICIOUS_MOVE = YES;
				CLANG_WARN_UNGUARDED_AVAILABILITY = YES_AGGRESSIVE;
				CLANG_WARN_UNREACHABLE_CODE = YES;
				CLANG_WARN__DUPLICATE_METHOD_MATCH = YES;
				COPY_PHASE_STRIP = NO;
				DEBUG_INFORMATION_FORMAT = dwarf;
				ENABLE_STRICT_OBJC_MSGSEND = YES;
				ENABLE_TESTABILITY = YES;
				ENABLE_USER_SCRIPT_SANDBOXING = YES;
				GCC_C_LANGUAGE_STANDARD = gnu17;
				GCC_DYNAMIC_NO_PIC = NO;
				GCC_NO_COMMON_BLOCKS = YES;
				GCC_OPTIMIZATION_LEVEL = 0;
				GCC_PREPROCESSOR_DEFINITIONS = (
					"DEBUG=1",
					"$(inherited)",
				);
				GCC_WARN_64_TO_32_BIT_CONVERSION = YES;
				GCC_WARN_ABOUT_RETURN_TYPE = YES_ERROR;
				GCC_WARN_UNDECLARED_SELECTOR = YES;
				GCC_WARN_UNINITIALIZED_AUTOS = YES_AGGRESSIVE;
				GCC_WARN_UNUSED_FUNCTION = YES;
				GCC_WARN_UNUSED_VARIABLE = YES;
				IPHONEOS_DEPLOYMENT_TARGET = 18.2;
				LOCALIZATION_PREFERS_STRING_CATALOGS = YES;
				MTL_ENABLE_DEBUG_INFO = INCLUDE_SOURCE;
				MTL_FAST_MATH = YES;
				ONLY_ACTIVE_ARCH = YES;
				SDKROOT = iphoneos;
				SWIFT_ACTIVE_COMPILATION_CONDITIONS = "DEBUG $(inherited)";
				SWIFT_OPTIMIZATION_LEVEL = "-Onone";
			};
			name = Debug;
		};
		5821933A2DDB0C0A00FB3EC7 /* Release */ = {
			isa = XCBuildConfiguration;
			buildSettings = {
				ALWAYS_SEARCH_USER_PATHS = NO;
				ASSETCATALOG_COMPILER_GENERATE_SWIFT_ASSET_SYMBOL_EXTENSIONS = YES;
				CLANG_ANALYZER_NONNULL = YES;
				CLANG_ANALYZER_NUMBER_OBJECT_CONVERSION = YES_AGGRESSIVE;
				CLANG_CXX_LANGUAGE_STANDARD = "gnu++20";
				CLANG_ENABLE_MODULES = YES;
				CLANG_ENABLE_OBJC_ARC = YES;
				CLANG_ENABLE_OBJC_WEAK = YES;
				CLANG_WARN_BLOCK_CAPTURE_AUTORELEASING = YES;
				CLANG_WARN_BOOL_CONVERSION = YES;
				CLANG_WARN_COMMA = YES;
				CLANG_WARN_CONSTANT_CONVERSION = YES;
				CLANG_WARN_DEPRECATED_OBJC_IMPLEMENTATIONS = YES;
				CLANG_WARN_DIRECT_OBJC_ISA_USAGE = YES_ERROR;
				CLANG_WARN_DOCUMENTATION_COMMENTS = YES;
				CLANG_WARN_EMPTY_BODY = YES;
				CLANG_WARN_ENUM_CONVERSION = YES;
				CLANG_WARN_INFINITE_RECURSION = YES;
				CLANG_WARN_INT_CONVERSION = YES;
				CLANG_WARN_NON_LITERAL_NULL_CONVERSION = YES;
				CLANG_WARN_OBJC_IMPLICIT_RETAIN_SELF = YES;
				CLANG_WARN_OBJC_LITERAL_CONVERSION = YES;
				CLANG_WARN_OBJC_ROOT_CLASS = YES_ERROR;
				CLANG_WARN_QUOTED_INCLUDE_IN_FRAMEWORK_HEADER = YES;
				CLANG_WARN_RANGE_LOOP_ANALYSIS = YES;
				CLANG_WARN_STRICT_PROTOTYPES = YES;
				CLANG_WARN_SUSPICIOUS_MOVE = YES;
				CLANG_WARN_UNGUARDED_AVAILABILITY = YES_AGGRESSIVE;
				CLANG_WARN_UNREACHABLE_CODE = YES;
				CLANG_WARN__DUPLICATE_METHOD_MATCH = YES;
				COPY_PHASE_STRIP = NO;
				DEBUG_INFORMATION_FORMAT = "dwarf-with-dsym";
				ENABLE_NS_ASSERTIONS = NO;
				ENABLE_STRICT_OBJC_MSGSEND = YES;
				ENABLE_USER_SCRIPT_SANDBOXING = YES;
				GCC_C_LANGUAGE_STANDARD = gnu17;
				GCC_NO_COMMON_BLOCKS = YES;
				GCC_WARN_64_TO_32_BIT_CONVERSION = YES;
				GCC_WARN_ABOUT_RETURN_TYPE = YES_ERROR;
				GCC_WARN_UNDECLARED_SELECTOR = YES;
				GCC_WARN_UNINITIALIZED_AUTOS = YES_AGGRESSIVE;
				GCC_WARN_UNUSED_FUNCTION = YES;
				GCC_WARN_UNUSED_VARIABLE = YES;
				IPHONEOS_DEPLOYMENT_TARGET = 18.2;
				LOCALIZATION_PREFERS_STRING_CATALOGS = YES;
				MTL_ENABLE_DEBUG_INFO = NO;
				MTL_FAST_MATH = YES;
				SDKROOT = iphoneos;
				SWIFT_COMPILATION_MODE = wholemodule;
				VALIDATE_PRODUCT = YES;
			};
			name = Release;
		};
		5821933C2DDB0C0A00FB3EC7 /* Debug */ = {
			isa = XCBuildConfiguration;
			buildSettings = {
				ASSETCATALOG_COMPILER_APPICON_NAME = AppIcon;
				ASSETCATALOG_COMPILER_GLOBAL_ACCENT_COLOR_NAME = AccentColor;
				CODE_SIGN_STYLE = Automatic;
				CURRENT_PROJECT_VERSION = 1;
				DEVELOPMENT_ASSET_PATHS = "\"Bitomato/Resources\"";
				DEVELOPMENT_TEAM = 52V4MFL2L9;
				ENABLE_PREVIEWS = YES;
				GENERATE_INFOPLIST_FILE = YES;
				INFOPLIST_KEY_LSApplicationCategoryType = "public.app-category.finance";
				INFOPLIST_KEY_UIApplicationSceneManifest_Generation = YES;
				INFOPLIST_KEY_UIApplicationSupportsIndirectInputEvents = YES;
				INFOPLIST_KEY_UILaunchScreen_Generation = YES;
				INFOPLIST_KEY_UILaunchStoryboardName = "Launch Screen";
				INFOPLIST_KEY_UISupportedInterfaceOrientations = UIInterfaceOrientationPortrait;
				IPHONEOS_DEPLOYMENT_TARGET = 17.6;
				LD_RUNPATH_SEARCH_PATHS = (
					"$(inherited)",
					"@executable_path/Frameworks",
				);
				MARKETING_VERSION = 1.0;
				PRODUCT_BUNDLE_IDENTIFIER = com.bitomato.Bitomato;
				PRODUCT_NAME = "$(TARGET_NAME)";
				SUPPORTED_PLATFORMS = "iphoneos iphonesimulator";
				SUPPORTS_MACCATALYST = NO;
				SUPPORTS_MAC_DESIGNED_FOR_IPHONE_IPAD = NO;
				SUPPORTS_XR_DESIGNED_FOR_IPHONE_IPAD = NO;
				SWIFT_EMIT_LOC_STRINGS = YES;
				SWIFT_VERSION = 5.0;
				TARGETED_DEVICE_FAMILY = 1;
			};
			name = Debug;
		};
		5821933D2DDB0C0A00FB3EC7 /* Release */ = {
			isa = XCBuildConfiguration;
			buildSettings = {
				ASSETCATALOG_COMPILER_APPICON_NAME = AppIcon;
				ASSETCATALOG_COMPILER_GLOBAL_ACCENT_COLOR_NAME = AccentColor;
				CODE_SIGN_STYLE = Automatic;
				CURRENT_PROJECT_VERSION = 1;
				DEVELOPMENT_ASSET_PATHS = "\"Bitomato/Resources\"";
				DEVELOPMENT_TEAM = 52V4MFL2L9;
				ENABLE_PREVIEWS = YES;
				GENERATE_INFOPLIST_FILE = YES;
				INFOPLIST_KEY_LSApplicationCategoryType = "public.app-category.finance";
				INFOPLIST_KEY_UIApplicationSceneManifest_Generation = YES;
				INFOPLIST_KEY_UIApplicationSupportsIndirectInputEvents = YES;
				INFOPLIST_KEY_UILaunchScreen_Generation = YES;
				INFOPLIST_KEY_UILaunchStoryboardName = "Launch Screen";
				INFOPLIST_KEY_UISupportedInterfaceOrientations = UIInterfaceOrientationPortrait;
				IPHONEOS_DEPLOYMENT_TARGET = 17.6;
				LD_RUNPATH_SEARCH_PATHS = (
					"$(inherited)",
					"@executable_path/Frameworks",
				);
				MARKETING_VERSION = 1.0;
				PRODUCT_BUNDLE_IDENTIFIER = com.bitomato.Bitomato;
				PRODUCT_NAME = "$(TARGET_NAME)";
				SUPPORTED_PLATFORMS = "iphoneos iphonesimulator";
				SUPPORTS_MACCATALYST = NO;
				SUPPORTS_MAC_DESIGNED_FOR_IPHONE_IPAD = NO;
				SUPPORTS_XR_DESIGNED_FOR_IPHONE_IPAD = NO;
				SWIFT_EMIT_LOC_STRINGS = YES;
				SWIFT_VERSION = 5.0;
				TARGETED_DEVICE_FAMILY = 1;
			};
			name = Release;
		};
		5821933F2DDB0C0A00FB3EC7 /* Debug */ = {
			isa = XCBuildConfiguration;
			buildSettings = {
				BUNDLE_LOADER = "$(TEST_HOST)";
				CODE_SIGN_STYLE = Automatic;
				CURRENT_PROJECT_VERSION = 1;
				DEVELOPMENT_TEAM = 52V4MFL2L9;
				GENERATE_INFOPLIST_FILE = YES;
				IPHONEOS_DEPLOYMENT_TARGET = 17.6;
				MARKETING_VERSION = 1.0;
				PRODUCT_BUNDLE_IDENTIFIER = com.bitomato.BitomatoTests;
				PRODUCT_NAME = "$(TARGET_NAME)";
				SUPPORTED_PLATFORMS = "iphoneos iphonesimulator";
				SUPPORTS_MACCATALYST = NO;
				SUPPORTS_MAC_DESIGNED_FOR_IPHONE_IPAD = NO;
				SUPPORTS_XR_DESIGNED_FOR_IPHONE_IPAD = NO;
				SWIFT_EMIT_LOC_STRINGS = NO;
				SWIFT_VERSION = 5.0;
				TARGETED_DEVICE_FAMILY = 1;
				TEST_HOST = "$(BUILT_PRODUCTS_DIR)/Bitomato.app/$(BUNDLE_EXECUTABLE_FOLDER_PATH)/Bitomato";
			};
			name = Debug;
		};
		582193402DDB0C0A00FB3EC7 /* Release */ = {
			isa = XCBuildConfiguration;
			buildSettings = {
				BUNDLE_LOADER = "$(TEST_HOST)";
				CODE_SIGN_STYLE = Automatic;
				CURRENT_PROJECT_VERSION = 1;
				DEVELOPMENT_TEAM = 52V4MFL2L9;
				GENERATE_INFOPLIST_FILE = YES;
				IPHONEOS_DEPLOYMENT_TARGET = 17.6;
				MARKETING_VERSION = 1.0;
				PRODUCT_BUNDLE_IDENTIFIER = com.bitomato.BitomatoTests;
				PRODUCT_NAME = "$(TARGET_NAME)";
				SUPPORTED_PLATFORMS = "iphoneos iphonesimulator";
				SUPPORTS_MACCATALYST = NO;
				SUPPORTS_MAC_DESIGNED_FOR_IPHONE_IPAD = NO;
				SUPPORTS_XR_DESIGNED_FOR_IPHONE_IPAD = NO;
				SWIFT_EMIT_LOC_STRINGS = NO;
				SWIFT_VERSION = 5.0;
				TARGETED_DEVICE_FAMILY = 1;
				TEST_HOST = "$(BUILT_PRODUCTS_DIR)/Bitomato.app/$(BUNDLE_EXECUTABLE_FOLDER_PATH)/Bitomato";
			};
			name = Release;
		};
		582193422DDB0C0A00FB3EC7 /* Debug */ = {
			isa = XCBuildConfiguration;
			buildSettings = {
				CODE_SIGN_STYLE = Automatic;
				CURRENT_PROJECT_VERSION = 1;
				DEVELOPMENT_TEAM = 52V4MFL2L9;
				GENERATE_INFOPLIST_FILE = YES;
				IPHONEOS_DEPLOYMENT_TARGET = 17.6;
				MARKETING_VERSION = 1.0;
				PRODUCT_BUNDLE_IDENTIFIER = com.bitomato.BitomatoUITests;
				PRODUCT_NAME = "$(TARGET_NAME)";
				SUPPORTED_PLATFORMS = "iphoneos iphonesimulator";
				SUPPORTS_MACCATALYST = NO;
				SUPPORTS_MAC_DESIGNED_FOR_IPHONE_IPAD = NO;
				SUPPORTS_XR_DESIGNED_FOR_IPHONE_IPAD = NO;
				SWIFT_EMIT_LOC_STRINGS = NO;
				SWIFT_VERSION = 5.0;
				TARGETED_DEVICE_FAMILY = 1;
				TEST_TARGET_NAME = Bitomato;
			};
			name = Debug;
		};
		582193432DDB0C0A00FB3EC7 /* Release */ = {
			isa = XCBuildConfiguration;
			buildSettings = {
				CODE_SIGN_STYLE = Automatic;
				CURRENT_PROJECT_VERSION = 1;
				DEVELOPMENT_TEAM = 52V4MFL2L9;
				GENERATE_INFOPLIST_FILE = YES;
				IPHONEOS_DEPLOYMENT_TARGET = 17.6;
				MARKETING_VERSION = 1.0;
				PRODUCT_BUNDLE_IDENTIFIER = com.bitomato.BitomatoUITests;
				PRODUCT_NAME = "$(TARGET_NAME)";
				SUPPORTED_PLATFORMS = "iphoneos iphonesimulator";
				SUPPORTS_MACCATALYST = NO;
				SUPPORTS_MAC_DESIGNED_FOR_IPHONE_IPAD = NO;
				SUPPORTS_XR_DESIGNED_FOR_IPHONE_IPAD = NO;
				SWIFT_EMIT_LOC_STRINGS = NO;
				SWIFT_VERSION = 5.0;
				TARGETED_DEVICE_FAMILY = 1;
				TEST_TARGET_NAME = Bitomato;
			};
			name = Release;
		};
/* End XCBuildConfiguration section */

/* Begin XCConfigurationList section */
		582193122DDB0C0900FB3EC7 /* Build configuration list for PBXProject "Bitomato" */ = {
			isa = XCConfigurationList;
			buildConfigurations = (
				582193392DDB0C0A00FB3EC7 /* Debug */,
				5821933A2DDB0C0A00FB3EC7 /* Release */,
			);
			defaultConfigurationIsVisible = 0;
			defaultConfigurationName = Release;
		};
		5821933B2DDB0C0A00FB3EC7 /* Build configuration list for PBXNativeTarget "Bitomato" */ = {
			isa = XCConfigurationList;
			buildConfigurations = (
				5821933C2DDB0C0A00FB3EC7 /* Debug */,
				5821933D2DDB0C0A00FB3EC7 /* Release */,
			);
			defaultConfigurationIsVisible = 0;
			defaultConfigurationName = Release;
		};
		5821933E2DDB0C0A00FB3EC7 /* Build configuration list for PBXNativeTarget "BitomatoTests" */ = {
			isa = XCConfigurationList;
			buildConfigurations = (
				5821933F2DDB0C0A00FB3EC7 /* Debug */,
				582193402DDB0C0A00FB3EC7 /* Release */,
			);
			defaultConfigurationIsVisible = 0;
			defaultConfigurationName = Release;
		};
		582193412DDB0C0A00FB3EC7 /* Build configuration list for PBXNativeTarget "BitomatoUITests" */ = {
			isa = XCConfigurationList;
			buildConfigurations = (
				582193422DDB0C0A00FB3EC7 /* Debug */,
				582193432DDB0C0A00FB3EC7 /* Release */,
			);
			defaultConfigurationIsVisible = 0;
			defaultConfigurationName = Release;
		};
/* End XCConfigurationList section */
	};
	rootObject = 5821930F2DDB0C0900FB3EC7 /* Project object */;
}
